
Microsoft Visual Studio Solution File, Format Version 12.00
# Visual Studio Version 17
VisualStudioVersion = 17.10.35122.118
MinimumVisualStudioVersion = 10.0.40219.1
Project("{9A19103F-16F7-4668-BE54-9A1E7A4F7556}") = "VIRTUAL_ASSISTANT.API", "VIRTUAL_ASSISTANT_API\VIRTUAL_ASSISTANT.API.csproj", "{9511BE42-19E9-4AA7-B881-EB7EEF2CEF6E}"
EndProject
Project("{9A19103F-16F7-4668-BE54-9A1E7A4F7556}") = "VIRTUAL_ASSISTANT.IoC", "VIRTUAL_ASSISTANT.IoC\VIRTUAL_ASSISTANT.IoC.csproj", "{7EE5CF93-6773-44F4-B74B-1699F239B9AF}"
EndProject
Project("{9A19103F-16F7-4668-BE54-9A1E7A4F7556}") = "VIRTUAL_ASSISTANT.Background", "VIRTUAL_ASSISTANT.Background\VIRTUAL_ASSISTANT.Background.csproj", "{E5B98761-EB13-4FA1-B800-E592ABF5AB28}"
EndProject
Project("{9A19103F-16F7-4668-BE54-9A1E7A4F7556}") = "VIRTUAL_ASSISTANT.Domain", "VIRTUAL_ASSISTANT.Domain\VIRTUAL_ASSISTANT.Domain.csproj", "{C01DFF6E-D97F-4143-A9CA-9187C686D1C0}"
EndProject
Project("{9A19103F-16F7-4668-BE54-9A1E7A4F7556}") = "VIRTUAL_ASSISTANT.Infra", "VIRTUAL_ASSISTANT.Infra\VIRTUAL_ASSISTANT.Infra.csproj", "{4D25502B-F46F-43DB-B52A-7A9D421EF315}"
EndProject
Project("{9A19103F-16F7-4668-BE54-9A1E7A4F7556}") = "VIRTUAL_ASSISTANT.Application", "VIRTUAL_ASSISTANT.Application\VIRTUAL_ASSISTANT.Application.csproj", "{9C3CB5DE-1A19-48C6-BA88-3341BE6A8A69}"
EndProject
Project("{FAE04EC0-301F-11D3-BF4B-00C04F79EFBC}") = "VIRTUAL_ASSISTANT.Worker", "VIRTUAL_ASSISTANT.Worker\VIRTUAL_ASSISTANT.Worker.csproj", "{071B7A9F-CC10-4CBC-B979-C226FC353006}"
EndProject
Global
	GlobalSection(SolutionConfigurationPlatforms) = preSolution
		Debug|Any CPU = Debug|Any CPU
		Release|Any CPU = Release|Any CPU
	EndGlobalSection
	GlobalSection(ProjectConfigurationPlatforms) = postSolution
		{9511BE42-19E9-4AA7-B881-EB7EEF2CEF6E}.Debug|Any CPU.ActiveCfg = Debug|Any CPU
		{9511BE42-19E9-4AA7-B881-EB7EEF2CEF6E}.Debug|Any CPU.Build.0 = Debug|Any CPU
		{9511BE42-19E9-4AA7-B881-EB7EEF2CEF6E}.Release|Any CPU.ActiveCfg = Release|Any CPU
		{9511BE42-19E9-4AA7-B881-EB7EEF2CEF6E}.Release|Any CPU.Build.0 = Release|Any CPU
		{7EE5CF93-6773-44F4-B74B-1699F239B9AF}.Debug|Any CPU.ActiveCfg = Debug|Any CPU
		{7EE5CF93-6773-44F4-B74B-1699F239B9AF}.Debug|Any CPU.Build.0 = Debug|Any CPU
		{7EE5CF93-6773-44F4-B74B-1699F239B9AF}.Release|Any CPU.ActiveCfg = Release|Any CPU
		{7EE5CF93-6773-44F4-B74B-1699F239B9AF}.Release|Any CPU.Build.0 = Release|Any CPU
		{E5B98761-EB13-4FA1-B800-E592ABF5AB28}.Debug|Any CPU.ActiveCfg = Debug|Any CPU
		{E5B98761-EB13-4FA1-B800-E592ABF5AB28}.Debug|Any CPU.Build.0 = Debug|Any CPU
		{E5B98761-EB13-4FA1-B800-E592ABF5AB28}.Release|Any CPU.ActiveCfg = Release|Any CPU
		{E5B98761-EB13-4FA1-B800-E592ABF5AB28}.Release|Any CPU.Build.0 = Release|Any CPU
		{C01DFF6E-D97F-4143-A9CA-9187C686D1C0}.Debug|Any CPU.ActiveCfg = Debug|Any CPU
		{C01DFF6E-D97F-4143-A9CA-9187C686D1C0}.Debug|Any CPU.Build.0 = Debug|Any CPU
		{C01DFF6E-D97F-4143-A9CA-9187C686D1C0}.Release|Any CPU.ActiveCfg = Release|Any CPU
		{C01DFF6E-D97F-4143-A9CA-9187C686D1C0}.Release|Any CPU.Build.0 = Release|Any CPU
		{4D25502B-F46F-43DB-B52A-7A9D421EF315}.Debug|Any CPU.ActiveCfg = Debug|Any CPU
		{4D25502B-F46F-43DB-B52A-7A9D421EF315}.Debug|Any CPU.Build.0 = Debug|Any CPU
		{4D25502B-F46F-43DB-B52A-7A9D421EF315}.Release|Any CPU.ActiveCfg = Release|Any CPU
		{4D25502B-F46F-43DB-B52A-7A9D421EF315}.Release|Any CPU.Build.0 = Release|Any CPU
		{9C3CB5DE-1A19-48C6-BA88-3341BE6A8A69}.Debug|Any CPU.ActiveCfg = Debug|Any CPU
		{9C3CB5DE-1A19-48C6-BA88-3341BE6A8A69}.Debug|Any CPU.Build.0 = Debug|Any CPU
		{9C3CB5DE-1A19-48C6-BA88-3341BE6A8A69}.Release|Any CPU.ActiveCfg = Release|Any CPU
		{9C3CB5DE-1A19-48C6-BA88-3341BE6A8A69}.Release|Any CPU.Build.0 = Release|Any CPU
		{071B7A9F-CC10-4CBC-B979-C226FC353006}.Debug|Any CPU.ActiveCfg = Debug|Any CPU
		{071B7A9F-CC10-4CBC-B979-C226FC353006}.Debug|Any CPU.Build.0 = Debug|Any CPU
		{071B7A9F-CC10-4CBC-B979-C226FC353006}.Release|Any CPU.ActiveCfg = Release|Any CPU
		{071B7A9F-CC10-4CBC-B979-C226FC353006}.Release|Any CPU.Build.0 = Release|Any CPU
	EndGlobalSection
	GlobalSection(SolutionProperties) = preSolution
		HideSolutionNode = FALSE
	EndGlobalSection
	GlobalSection(ExtensibilityGlobals) = postSolution
		SolutionGuid = {1C3FB690-C29D-4E7F-8076-D2DD506FE521}
	EndGlobalSection
EndGlobal
